
Microsoft Visual Studio Solution File, Format Version 12.00
# Visual Studio Version 16
VisualStudioVersion = 16.0.28922.388
MinimumVisualStudioVersion = 10.0.40219.1
Project("{FAE04EC0-301F-11D3-BF4B-00C04F79EFBC}") = "dealCard", "dealCard\dealCard.csproj", "{0789B52D-0143-4471-9480-8EE19B7F74A0}"
EndProject
Global
	GlobalSection(SolutionConfigurationPlatforms) = preSolution
		Debug|Any CPU = Debug|Any CPU
		Release|Any CPU = Release|Any CPU
	EndGlobalSection
	GlobalSection(ProjectConfigurationPlatforms) = postSolution
		{0789B52D-0143-4471-9480-8EE19B7F74A0}.Debug|Any CPU.ActiveCfg = Debug|Any CPU
		{0789B52D-0143-4471-9480-8EE19B7F74A0}.Debug|Any CPU.Build.0 = Debug|Any CPU
		{0789B52D-0143-4471-9480-8EE19B7F74A0}.Release|Any CPU.ActiveCfg = Release|Any CPU
		{0789B52D-0143-4471-9480-8EE19B7F74A0}.Release|Any CPU.Build.0 = Release|Any CPU
	EndGlobalSection
	GlobalSection(SolutionProperties) = preSolution
		HideSolutionNode = FALSE
	EndGlobalSection
	GlobalSection(ExtensibilityGlobals) = postSolution
		SolutionGuid = {0857CAED-99DB-47E2-9FA3-DCA9E681631F}
	EndGlobalSection
EndGlobal
