
Microsoft Visual Studio Solution File, Format Version 12.00
# Visual Studio Version 16
VisualStudioVersion = 16.0.28922.388
MinimumVisualStudioVersion = 10.0.40219.1
Project("{FAE04EC0-301F-11D3-BF4B-00C04F79EFBC}") = "introArrayKaelanK", "introArrayKaelanK\introArrayKaelanK.csproj", "{4A27FEAB-C082-470B-A0F8-E10F922CD61C}"
EndProject
Global
	GlobalSection(SolutionConfigurationPlatforms) = preSolution
		Debug|Any CPU = Debug|Any CPU
		Release|Any CPU = Release|Any CPU
	EndGlobalSection
	GlobalSection(ProjectConfigurationPlatforms) = postSolution
		{4A27FEAB-C082-470B-A0F8-E10F922CD61C}.Debug|Any CPU.ActiveCfg = Debug|Any CPU
		{4A27FEAB-C082-470B-A0F8-E10F922CD61C}.Debug|Any CPU.Build.0 = Debug|Any CPU
		{4A27FEAB-C082-470B-A0F8-E10F922CD61C}.Release|Any CPU.ActiveCfg = Release|Any CPU
		{4A27FEAB-C082-470B-A0F8-E10F922CD61C}.Release|Any CPU.Build.0 = Release|Any CPU
	EndGlobalSection
	GlobalSection(SolutionProperties) = preSolution
		HideSolutionNode = FALSE
	EndGlobalSection
	GlobalSection(ExtensibilityGlobals) = postSolution
		SolutionGuid = {B53B6A7E-DBEF-4BBF-81EA-26B5394AFD95}
	EndGlobalSection
EndGlobal
